// !$*UTF8*$!
{
	archiveVersion = 1;
	classes = {
	};
	objectVersion = 50;
	objects = {

/* Begin PBXBuildFile section */
		76661FA62121113200D0EE75 /* TableCell.swift in Sources */ = {isa = PBXBuildFile; fileRef = 76661FA52121113200D0EE75 /* TableCell.swift */; };
		76661FAB212117B500D0EE75 /* WakeUpAt.xcdatamodeld in Sources */ = {isa = PBXBuildFile; fileRef = 76661FA9212117B500D0EE75 /* WakeUpAt.xcdatamodeld */; };
		76661FB02121191F00D0EE75 /* DataController.swift in Sources */ = {isa = PBXBuildFile; fileRef = 76661FAF2121191F00D0EE75 /* DataController.swift */; };
		76661FB72121541500D0EE75 /* AlarmSettingsTableVC.swift in Sources */ = {isa = PBXBuildFile; fileRef = 76661FB62121541500D0EE75 /* AlarmSettingsTableVC.swift */; };
		768A9A13213D53900083EA24 /* NotificationsManager.swift in Sources */ = {isa = PBXBuildFile; fileRef = 768A9A12213D53900083EA24 /* NotificationsManager.swift */; };
		768A9A15213D81D40083EA24 /* AlarmRingingManager.swift in Sources */ = {isa = PBXBuildFile; fileRef = 768A9A14213D81D40083EA24 /* AlarmRingingManager.swift */; };
		768A9A17213DDE160083EA24 /* InfoVC.swift in Sources */ = {isa = PBXBuildFile; fileRef = 768A9A16213DDE160083EA24 /* InfoVC.swift */; };
		768F387321396883001925B3 /* PulsingLayer.swift in Sources */ = {isa = PBXBuildFile; fileRef = 768F387221396883001925B3 /* PulsingLayer.swift */; };
		768F387721399A60001925B3 /* SearchResultsVC.swift in Sources */ = {isa = PBXBuildFile; fileRef = 768F387621399A60001925B3 /* SearchResultsVC.swift */; };
		768F3879213ACE99001925B3 /* BlurryToast.swift in Sources */ = {isa = PBXBuildFile; fileRef = 768F3878213ACE99001925B3 /* BlurryToast.swift */; };
		768F387B213ADA13001925B3 /* AudioPlayer.swift in Sources */ = {isa = PBXBuildFile; fileRef = 768F387A213ADA13001925B3 /* AudioPlayer.swift */; };
		768F387D213AF441001925B3 /* Extensions.swift in Sources */ = {isa = PBXBuildFile; fileRef = 768F387C213AF441001925B3 /* Extensions.swift */; };
		7690928F212F81A100FC971F /* AlarmSettingsVC.swift in Sources */ = {isa = PBXBuildFile; fileRef = 7690928E212F81A100FC971F /* AlarmSettingsVC.swift */; };
		7690FC232120AF250000090B /* AppDelegate.swift in Sources */ = {isa = PBXBuildFile; fileRef = 7690FC222120AF250000090B /* AppDelegate.swift */; };
		7690FC252120AF250000090B /* AllAlarmsTableVC.swift in Sources */ = {isa = PBXBuildFile; fileRef = 7690FC242120AF250000090B /* AllAlarmsTableVC.swift */; };
		7690FC282120AF250000090B /* Main.storyboard in Resources */ = {isa = PBXBuildFile; fileRef = 7690FC262120AF250000090B /* Main.storyboard */; };
		7690FC2A2120AF370000090B /* Assets.xcassets in Resources */ = {isa = PBXBuildFile; fileRef = 7690FC292120AF370000090B /* Assets.xcassets */; };
		7690FC2D2120AF370000090B /* LaunchScreen.storyboard in Resources */ = {isa = PBXBuildFile; fileRef = 7690FC2B2120AF370000090B /* LaunchScreen.storyboard */; };
		7690FC382120AF370000090B /* WakeUpAtTests.swift in Sources */ = {isa = PBXBuildFile; fileRef = 7690FC372120AF370000090B /* WakeUpAtTests.swift */; };
		7690FC432120AF370000090B /* WakeUpAtUITests.swift in Sources */ = {isa = PBXBuildFile; fileRef = 7690FC422120AF370000090B /* WakeUpAtUITests.swift */; };
		76A06CB3212D8846004FA391 /* AlarmRingingVC.swift in Sources */ = {isa = PBXBuildFile; fileRef = 76A06CB2212D8846004FA391 /* AlarmRingingVC.swift */; };
		76A0EFA42123B16F00164122 /* MapVC.swift in Sources */ = {isa = PBXBuildFile; fileRef = 76A0EFA32123B16F00164122 /* MapVC.swift */; };
		76A0EFA72124C27C00164122 /* LocationManager.swift in Sources */ = {isa = PBXBuildFile; fileRef = 76A0EFA62124C27C00164122 /* LocationManager.swift */; };
/* End PBXBuildFile section */

/* Begin PBXContainerItemProxy section */
		7690FC342120AF370000090B /* PBXContainerItemProxy */ = {
			isa = PBXContainerItemProxy;
			containerPortal = 7690FC172120AF240000090B /* Project object */;
			proxyType = 1;
			remoteGlobalIDString = 7690FC1E2120AF250000090B;
			remoteInfo = WakeUpAt;
		};
		7690FC3F2120AF370000090B /* PBXContainerItemProxy */ = {
			isa = PBXContainerItemProxy;
			containerPortal = 7690FC172120AF240000090B /* Project object */;
			proxyType = 1;
			remoteGlobalIDString = 7690FC1E2120AF250000090B;
			remoteInfo = WakeUpAt;
		};
/* End PBXContainerItemProxy section */

/* Begin PBXFileReference section */
		76661FA52121113200D0EE75 /* TableCell.swift */ = {isa = PBXFileReference; lastKnownFileType = sourcecode.swift; path = TableCell.swift; sourceTree = "<group>"; };
		76661FAA212117B500D0EE75 /* Alarm.xcdatamodel */ = {isa = PBXFileReference; lastKnownFileType = wrapper.xcdatamodel; path = Alarm.xcdatamodel; sourceTree = "<group>"; };
		76661FAF2121191F00D0EE75 /* DataController.swift */ = {isa = PBXFileReference; lastKnownFileType = sourcecode.swift; path = DataController.swift; sourceTree = "<group>"; };
		76661FB62121541500D0EE75 /* AlarmSettingsTableVC.swift */ = {isa = PBXFileReference; lastKnownFileType = sourcecode.swift; path = AlarmSettingsTableVC.swift; sourceTree = "<group>"; };
		768A9A12213D53900083EA24 /* NotificationsManager.swift */ = {isa = PBXFileReference; lastKnownFileType = sourcecode.swift; path = NotificationsManager.swift; sourceTree = "<group>"; };
		768A9A14213D81D40083EA24 /* AlarmRingingManager.swift */ = {isa = PBXFileReference; lastKnownFileType = sourcecode.swift; path = AlarmRingingManager.swift; sourceTree = "<group>"; };
		768A9A16213DDE160083EA24 /* InfoVC.swift */ = {isa = PBXFileReference; lastKnownFileType = sourcecode.swift; path = InfoVC.swift; sourceTree = "<group>"; };
		768F387221396883001925B3 /* PulsingLayer.swift */ = {isa = PBXFileReference; lastKnownFileType = sourcecode.swift; path = PulsingLayer.swift; sourceTree = "<group>"; };
		768F387621399A60001925B3 /* SearchResultsVC.swift */ = {isa = PBXFileReference; lastKnownFileType = sourcecode.swift; path = SearchResultsVC.swift; sourceTree = "<group>"; };
		768F3878213ACE99001925B3 /* BlurryToast.swift */ = {isa = PBXFileReference; lastKnownFileType = sourcecode.swift; path = BlurryToast.swift; sourceTree = "<group>"; };
		768F387A213ADA13001925B3 /* AudioPlayer.swift */ = {isa = PBXFileReference; lastKnownFileType = sourcecode.swift; path = AudioPlayer.swift; sourceTree = "<group>"; };
		768F387C213AF441001925B3 /* Extensions.swift */ = {isa = PBXFileReference; lastKnownFileType = sourcecode.swift; path = Extensions.swift; sourceTree = "<group>"; };
		7690928E212F81A100FC971F /* AlarmSettingsVC.swift */ = {isa = PBXFileReference; lastKnownFileType = sourcecode.swift; path = AlarmSettingsVC.swift; sourceTree = "<group>"; };
		7690FC1F2120AF250000090B /* LocationAlarm.app */ = {isa = PBXFileReference; explicitFileType = wrapper.application; includeInIndex = 0; path = LocationAlarm.app; sourceTree = BUILT_PRODUCTS_DIR; };
		7690FC222120AF250000090B /* AppDelegate.swift */ = {isa = PBXFileReference; lastKnownFileType = sourcecode.swift; path = AppDelegate.swift; sourceTree = "<group>"; };
		7690FC242120AF250000090B /* AllAlarmsTableVC.swift */ = {isa = PBXFileReference; lastKnownFileType = sourcecode.swift; path = AllAlarmsTableVC.swift; sourceTree = "<group>"; };
		7690FC272120AF250000090B /* Base */ = {isa = PBXFileReference; lastKnownFileType = file.storyboard; name = Base; path = Base.lproj/Main.storyboard; sourceTree = "<group>"; };
		7690FC292120AF370000090B /* Assets.xcassets */ = {isa = PBXFileReference; lastKnownFileType = folder.assetcatalog; path = Assets.xcassets; sourceTree = "<group>"; };
		7690FC2C2120AF370000090B /* Base */ = {isa = PBXFileReference; lastKnownFileType = file.storyboard; name = Base; path = Base.lproj/LaunchScreen.storyboard; sourceTree = "<group>"; };
		7690FC2E2120AF370000090B /* Info.plist */ = {isa = PBXFileReference; lastKnownFileType = text.plist.xml; path = Info.plist; sourceTree = "<group>"; };
		7690FC332120AF370000090B /* LocationAlarmTests.xctest */ = {isa = PBXFileReference; explicitFileType = wrapper.cfbundle; includeInIndex = 0; path = LocationAlarmTests.xctest; sourceTree = BUILT_PRODUCTS_DIR; };
		7690FC372120AF370000090B /* WakeUpAtTests.swift */ = {isa = PBXFileReference; lastKnownFileType = sourcecode.swift; path = WakeUpAtTests.swift; sourceTree = "<group>"; };
		7690FC392120AF370000090B /* Info.plist */ = {isa = PBXFileReference; lastKnownFileType = text.plist.xml; path = Info.plist; sourceTree = "<group>"; };
		7690FC3E2120AF370000090B /* LocationAlarmUITests.xctest */ = {isa = PBXFileReference; explicitFileType = wrapper.cfbundle; includeInIndex = 0; path = LocationAlarmUITests.xctest; sourceTree = BUILT_PRODUCTS_DIR; };
		7690FC422120AF370000090B /* WakeUpAtUITests.swift */ = {isa = PBXFileReference; lastKnownFileType = sourcecode.swift; path = WakeUpAtUITests.swift; sourceTree = "<group>"; };
		7690FC442120AF370000090B /* Info.plist */ = {isa = PBXFileReference; lastKnownFileType = text.plist.xml; path = Info.plist; sourceTree = "<group>"; };
		76A06CB2212D8846004FA391 /* AlarmRingingVC.swift */ = {isa = PBXFileReference; lastKnownFileType = sourcecode.swift; path = AlarmRingingVC.swift; sourceTree = "<group>"; };
		76A0EFA32123B16F00164122 /* MapVC.swift */ = {isa = PBXFileReference; lastKnownFileType = sourcecode.swift; path = MapVC.swift; sourceTree = "<group>"; };
		76A0EFA62124C27C00164122 /* LocationManager.swift */ = {isa = PBXFileReference; lastKnownFileType = sourcecode.swift; path = LocationManager.swift; sourceTree = "<group>"; };
/* End PBXFileReference section */

/* Begin PBXFrameworksBuildPhase section */
		7690FC1C2120AF250000090B /* Frameworks */ = {
			isa = PBXFrameworksBuildPhase;
			buildActionMask = 2147483647;
			files = (
			);
			runOnlyForDeploymentPostprocessing = 0;
		};
		7690FC302120AF370000090B /* Frameworks */ = {
			isa = PBXFrameworksBuildPhase;
			buildActionMask = 2147483647;
			files = (
			);
			runOnlyForDeploymentPostprocessing = 0;
		};
		7690FC3B2120AF370000090B /* Frameworks */ = {
			isa = PBXFrameworksBuildPhase;
			buildActionMask = 2147483647;
			files = (
			);
			runOnlyForDeploymentPostprocessing = 0;
		};
/* End PBXFrameworksBuildPhase section */

/* Begin PBXGroup section */
		76661FB1212129B600D0EE75 /* Model */ = {
			isa = PBXGroup;
			children = (
				76661FA9212117B500D0EE75 /* WakeUpAt.xcdatamodeld */,
				76661FAF2121191F00D0EE75 /* DataController.swift */,
			);
			path = Model;
			sourceTree = "<group>";
		};
		76661FB2212129DF00D0EE75 /* View Controllers */ = {
			isa = PBXGroup;
			children = (
				7690FC242120AF250000090B /* AllAlarmsTableVC.swift */,
				7690928E212F81A100FC971F /* AlarmSettingsVC.swift */,
				76661FB62121541500D0EE75 /* AlarmSettingsTableVC.swift */,
				76A0EFA32123B16F00164122 /* MapVC.swift */,
				768F387621399A60001925B3 /* SearchResultsVC.swift */,
				76A06CB2212D8846004FA391 /* AlarmRingingVC.swift */,
				768A9A16213DDE160083EA24 /* InfoVC.swift */,
			);
			path = "View Controllers";
			sourceTree = "<group>";
		};
		76661FB321212A8200D0EE75 /* Views */ = {
			isa = PBXGroup;
			children = (
				76661FA52121113200D0EE75 /* TableCell.swift */,
				768F3878213ACE99001925B3 /* BlurryToast.swift */,
				768F387221396883001925B3 /* PulsingLayer.swift */,
			);
			path = Views;
			sourceTree = "<group>";
		};
		76661FB421212AA000D0EE75 /* Storyboards */ = {
			isa = PBXGroup;
			children = (
				7690FC262120AF250000090B /* Main.storyboard */,
				7690FC2B2120AF370000090B /* LaunchScreen.storyboard */,
			);
			path = Storyboards;
			sourceTree = "<group>";
		};
		7690FC162120AF240000090B = {
			isa = PBXGroup;
			children = (
				7690FC212120AF250000090B /* LocationAlarm */,
				7690FC362120AF370000090B /* LocationAlarmTests */,
				7690FC412120AF370000090B /* LocationAlarmUITests */,
				7690FC202120AF250000090B /* Products */,
			);
			sourceTree = "<group>";
		};
		7690FC202120AF250000090B /* Products */ = {
			isa = PBXGroup;
			children = (
				7690FC1F2120AF250000090B /* LocationAlarm.app */,
				7690FC332120AF370000090B /* LocationAlarmTests.xctest */,
				7690FC3E2120AF370000090B /* LocationAlarmUITests.xctest */,
			);
			name = Products;
			sourceTree = "<group>";
		};
		7690FC212120AF250000090B /* LocationAlarm */ = {
			isa = PBXGroup;
			children = (
				7690FC2E2120AF370000090B /* Info.plist */,
				7690FC292120AF370000090B /* Assets.xcassets */,
				7690FC222120AF250000090B /* AppDelegate.swift */,
				76A0EFA52124C23E00164122 /* Utilities */,
				76661FB2212129DF00D0EE75 /* View Controllers */,
				76661FB1212129B600D0EE75 /* Model */,
				76661FB421212AA000D0EE75 /* Storyboards */,
				76661FB321212A8200D0EE75 /* Views */,
			);
			path = LocationAlarm;
			sourceTree = "<group>";
		};
		7690FC362120AF370000090B /* LocationAlarmTests */ = {
			isa = PBXGroup;
			children = (
				7690FC372120AF370000090B /* WakeUpAtTests.swift */,
				7690FC392120AF370000090B /* Info.plist */,
			);
			path = LocationAlarmTests;
			sourceTree = "<group>";
		};
		7690FC412120AF370000090B /* LocationAlarmUITests */ = {
			isa = PBXGroup;
			children = (
				7690FC422120AF370000090B /* WakeUpAtUITests.swift */,
				7690FC442120AF370000090B /* Info.plist */,
			);
			path = LocationAlarmUITests;
			sourceTree = "<group>";
		};
		76A0EFA52124C23E00164122 /* Utilities */ = {
			isa = PBXGroup;
			children = (
				76A0EFA62124C27C00164122 /* LocationManager.swift */,
				768F387A213ADA13001925B3 /* AudioPlayer.swift */,
				768A9A14213D81D40083EA24 /* AlarmRingingManager.swift */,
				768A9A12213D53900083EA24 /* NotificationsManager.swift */,
				768F387C213AF441001925B3 /* Extensions.swift */,
			);
			path = Utilities;
			sourceTree = "<group>";
		};
/* End PBXGroup section */

/* Begin PBXNativeTarget section */
		7690FC1E2120AF250000090B /* LocationAlarm */ = {
			isa = PBXNativeTarget;
			buildConfigurationList = 7690FC472120AF370000090B /* Build configuration list for PBXNativeTarget "LocationAlarm" */;
			buildPhases = (
				7690FC1B2120AF250000090B /* Sources */,
				7690FC1C2120AF250000090B /* Frameworks */,
				7690FC1D2120AF250000090B /* Resources */,
			);
			buildRules = (
			);
			dependencies = (
			);
			name = LocationAlarm;
			productName = WakeUpAt;
			productReference = 7690FC1F2120AF250000090B /* LocationAlarm.app */;
			productType = "com.apple.product-type.application";
		};
		7690FC322120AF370000090B /* LocationAlarmTests */ = {
			isa = PBXNativeTarget;
			buildConfigurationList = 7690FC4A2120AF370000090B /* Build configuration list for PBXNativeTarget "LocationAlarmTests" */;
			buildPhases = (
				7690FC2F2120AF370000090B /* Sources */,
				7690FC302120AF370000090B /* Frameworks */,
				7690FC312120AF370000090B /* Resources */,
			);
			buildRules = (
			);
			dependencies = (
				7690FC352120AF370000090B /* PBXTargetDependency */,
			);
			name = LocationAlarmTests;
			productName = WakeUpAtTests;
			productReference = 7690FC332120AF370000090B /* LocationAlarmTests.xctest */;
			productType = "com.apple.product-type.bundle.unit-test";
		};
		7690FC3D2120AF370000090B /* LocationAlarmUITests */ = {
			isa = PBXNativeTarget;
			buildConfigurationList = 7690FC4D2120AF370000090B /* Build configuration list for PBXNativeTarget "LocationAlarmUITests" */;
			buildPhases = (
				7690FC3A2120AF370000090B /* Sources */,
				7690FC3B2120AF370000090B /* Frameworks */,
				7690FC3C2120AF370000090B /* Resources */,
			);
			buildRules = (
			);
			dependencies = (
				7690FC402120AF370000090B /* PBXTargetDependency */,
			);
			name = LocationAlarmUITests;
			productName = WakeUpAtUITests;
			productReference = 7690FC3E2120AF370000090B /* LocationAlarmUITests.xctest */;
			productType = "com.apple.product-type.bundle.ui-testing";
		};
/* End PBXNativeTarget section */

/* Begin PBXProject section */
		7690FC172120AF240000090B /* Project object */ = {
			isa = PBXProject;
			attributes = {
				LastSwiftUpdateCheck = 0940;
				LastUpgradeCheck = 0940;
				ORGANIZATIONNAME = "Ahmed Osama";
				TargetAttributes = {
					7690FC1E2120AF250000090B = {
						CreatedOnToolsVersion = 9.4.1;
						SystemCapabilities = {
							com.apple.BackgroundModes = {
								enabled = 1;
							};
						};
					};
					7690FC322120AF370000090B = {
						CreatedOnToolsVersion = 9.4.1;
						TestTargetID = 7690FC1E2120AF250000090B;
					};
					7690FC3D2120AF370000090B = {
						CreatedOnToolsVersion = 9.4.1;
						TestTargetID = 7690FC1E2120AF250000090B;
					};
				};
			};
			buildConfigurationList = 7690FC1A2120AF240000090B /* Build configuration list for PBXProject "LocationAlarm" */;
			compatibilityVersion = "Xcode 9.3";
			developmentRegion = en;
			hasScannedForEncodings = 0;
			knownRegions = (
				en,
				Base,
			);
			mainGroup = 7690FC162120AF240000090B;
			productRefGroup = 7690FC202120AF250000090B /* Products */;
			projectDirPath = "";
			projectRoot = "";
			targets = (
				7690FC1E2120AF250000090B /* LocationAlarm */,
				7690FC322120AF370000090B /* LocationAlarmTests */,
				7690FC3D2120AF370000090B /* LocationAlarmUITests */,
			);
		};
/* End PBXProject section */

/* Begin PBXResourcesBuildPhase section */
		7690FC1D2120AF250000090B /* Resources */ = {
			isa = PBXResourcesBuildPhase;
			buildActionMask = 2147483647;
			files = (
				7690FC2D2120AF370000090B /* LaunchScreen.storyboard in Resources */,
				7690FC2A2120AF370000090B /* Assets.xcassets in Resources */,
				7690FC282120AF250000090B /* Main.storyboard in Resources */,
			);
			runOnlyForDeploymentPostprocessing = 0;
		};
		7690FC312120AF370000090B /* Resources */ = {
			isa = PBXResourcesBuildPhase;
			buildActionMask = 2147483647;
			files = (
			);
			runOnlyForDeploymentPostprocessing = 0;
		};
		7690FC3C2120AF370000090B /* Resources */ = {
			isa = PBXResourcesBuildPhase;
			buildActionMask = 2147483647;
			files = (
			);
			runOnlyForDeploymentPostprocessing = 0;
		};
/* End PBXResourcesBuildPhase section */

/* Begin PBXSourcesBuildPhase section */
		7690FC1B2120AF250000090B /* Sources */ = {
			isa = PBXSourcesBuildPhase;
			buildActionMask = 2147483647;
			files = (
				76661FA62121113200D0EE75 /* TableCell.swift in Sources */,
				768F3879213ACE99001925B3 /* BlurryToast.swift in Sources */,
				768A9A15213D81D40083EA24 /* AlarmRingingManager.swift in Sources */,
				768F387D213AF441001925B3 /* Extensions.swift in Sources */,
				768A9A17213DDE160083EA24 /* InfoVC.swift in Sources */,
				7690928F212F81A100FC971F /* AlarmSettingsVC.swift in Sources */,
				768F387321396883001925B3 /* PulsingLayer.swift in Sources */,
				76661FB02121191F00D0EE75 /* DataController.swift in Sources */,
				7690FC252120AF250000090B /* AllAlarmsTableVC.swift in Sources */,
				76A06CB3212D8846004FA391 /* AlarmRingingVC.swift in Sources */,
				7690FC232120AF250000090B /* AppDelegate.swift in Sources */,
				76A0EFA72124C27C00164122 /* LocationManager.swift in Sources */,
				768A9A13213D53900083EA24 /* NotificationsManager.swift in Sources */,
				76A0EFA42123B16F00164122 /* MapVC.swift in Sources */,
				768F387721399A60001925B3 /* SearchResultsVC.swift in Sources */,
				76661FB72121541500D0EE75 /* AlarmSettingsTableVC.swift in Sources */,
				76661FAB212117B500D0EE75 /* WakeUpAt.xcdatamodeld in Sources */,
				768F387B213ADA13001925B3 /* AudioPlayer.swift in Sources */,
			);
			runOnlyForDeploymentPostprocessing = 0;
		};
		7690FC2F2120AF370000090B /* Sources */ = {
			isa = PBXSourcesBuildPhase;
			buildActionMask = 2147483647;
			files = (
				7690FC382120AF370000090B /* WakeUpAtTests.swift in Sources */,
			);
			runOnlyForDeploymentPostprocessing = 0;
		};
		7690FC3A2120AF370000090B /* Sources */ = {
			isa = PBXSourcesBuildPhase;
			buildActionMask = 2147483647;
			files = (
				7690FC432120AF370000090B /* WakeUpAtUITests.swift in Sources */,
			);
			runOnlyForDeploymentPostprocessing = 0;
		};
/* End PBXSourcesBuildPhase section */

/* Begin PBXTargetDependency section */
		7690FC352120AF370000090B /* PBXTargetDependency */ = {
			isa = PBXTargetDependency;
			target = 7690FC1E2120AF250000090B /* LocationAlarm */;
			targetProxy = 7690FC342120AF370000090B /* PBXContainerItemProxy */;
		};
		7690FC402120AF370000090B /* PBXTargetDependency */ = {
			isa = PBXTargetDependency;
			target = 7690FC1E2120AF250000090B /* LocationAlarm */;
			targetProxy = 7690FC3F2120AF370000090B /* PBXContainerItemProxy */;
		};
/* End PBXTargetDependency section */

/* Begin PBXVariantGroup section */
		7690FC262120AF250000090B /* Main.storyboard */ = {
			isa = PBXVariantGroup;
			children = (
				7690FC272120AF250000090B /* Base */,
			);
			name = Main.storyboard;
			sourceTree = "<group>";
		};
		7690FC2B2120AF370000090B /* LaunchScreen.storyboard */ = {
			isa = PBXVariantGroup;
			children = (
				7690FC2C2120AF370000090B /* Base */,
			);
			name = LaunchScreen.storyboard;
			sourceTree = "<group>";
		};
/* End PBXVariantGroup section */

/* Begin XCBuildConfiguration section */
		7690FC452120AF370000090B /* Debug */ = {
			isa = XCBuildConfiguration;
			buildSettings = {
				ALWAYS_SEARCH_USER_PATHS = NO;
				CLANG_ANALYZER_NONNULL = YES;
				CLANG_ANALYZER_NUMBER_OBJECT_CONVERSION = YES_AGGRESSIVE;
				CLANG_CXX_LANGUAGE_STANDARD = "gnu++14";
				CLANG_CXX_LIBRARY = "libc++";
				CLANG_ENABLE_MODULES = YES;
				CLANG_ENABLE_OBJC_ARC = YES;
				CLANG_ENABLE_OBJC_WEAK = YES;
				CLANG_WARN_BLOCK_CAPTURE_AUTORELEASING = YES;
				CLANG_WARN_BOOL_CONVERSION = YES;
				CLANG_WARN_COMMA = YES;
				CLANG_WARN_CONSTANT_CONVERSION = YES;
				CLANG_WARN_DEPRECATED_OBJC_IMPLEMENTATIONS = YES;
				CLANG_WARN_DIRECT_OBJC_ISA_USAGE = YES_ERROR;
				CLANG_WARN_DOCUMENTATION_COMMENTS = YES;
				CLANG_WARN_EMPTY_BODY = YES;
				CLANG_WARN_ENUM_CONVERSION = YES;
				CLANG_WARN_INFINITE_RECURSION = YES;
				CLANG_WARN_INT_CONVERSION = YES;
				CLANG_WARN_NON_LITERAL_NULL_CONVERSION = YES;
				CLANG_WARN_OBJC_IMPLICIT_RETAIN_SELF = YES;
				CLANG_WARN_OBJC_LITERAL_CONVERSION = YES;
				CLANG_WARN_OBJC_ROOT_CLASS = YES_ERROR;
				CLANG_WARN_RANGE_LOOP_ANALYSIS = YES;
				CLANG_WARN_STRICT_PROTOTYPES = YES;
				CLANG_WARN_SUSPICIOUS_MOVE = YES;
				CLANG_WARN_UNGUARDED_AVAILABILITY = YES_AGGRESSIVE;
				CLANG_WARN_UNREACHABLE_CODE = YES;
				CLANG_WARN__DUPLICATE_METHOD_MATCH = YES;
				CODE_SIGN_IDENTITY = "iPhone Developer";
				COPY_PHASE_STRIP = NO;
				DEBUG_INFORMATION_FORMAT = dwarf;
				ENABLE_STRICT_OBJC_MSGSEND = YES;
				ENABLE_TESTABILITY = YES;
				GCC_C_LANGUAGE_STANDARD = gnu11;
				GCC_DYNAMIC_NO_PIC = NO;
				GCC_NO_COMMON_BLOCKS = YES;
				GCC_OPTIMIZATION_LEVEL = 0;
				GCC_PREPROCESSOR_DEFINITIONS = (
					"DEBUG=1",
					"$(inherited)",
				);
				GCC_WARN_64_TO_32_BIT_CONVERSION = YES;
				GCC_WARN_ABOUT_RETURN_TYPE = YES_ERROR;
				GCC_WARN_UNDECLARED_SELECTOR = YES;
				GCC_WARN_UNINITIALIZED_AUTOS = YES_AGGRESSIVE;
				GCC_WARN_UNUSED_FUNCTION = YES;
				GCC_WARN_UNUSED_VARIABLE = YES;
				IPHONEOS_DEPLOYMENT_TARGET = 11.4;
				MTL_ENABLE_DEBUG_INFO = YES;
				ONLY_ACTIVE_ARCH = YES;
				SDKROOT = iphoneos;
				SWIFT_ACTIVE_COMPILATION_CONDITIONS = DEBUG;
				SWIFT_OPTIMIZATION_LEVEL = "-Onone";
			};
			name = Debug;
		};
		7690FC462120AF370000090B /* Release */ = {
			isa = XCBuildConfiguration;
			buildSettings = {
				ALWAYS_SEARCH_USER_PATHS = NO;
				CLANG_ANALYZER_NONNULL = YES;
				CLANG_ANALYZER_NUMBER_OBJECT_CONVERSION = YES_AGGRESSIVE;
				CLANG_CXX_LANGUAGE_STANDARD = "gnu++14";
				CLANG_CXX_LIBRARY = "libc++";
				CLANG_ENABLE_MODULES = YES;
				CLANG_ENABLE_OBJC_ARC = YES;
				CLANG_ENABLE_OBJC_WEAK = YES;
				CLANG_WARN_BLOCK_CAPTURE_AUTORELEASING = YES;
				CLANG_WARN_BOOL_CONVERSION = YES;
				CLANG_WARN_COMMA = YES;
				CLANG_WARN_CONSTANT_CONVERSION = YES;
				CLANG_WARN_DEPRECATED_OBJC_IMPLEMENTATIONS = YES;
				CLANG_WARN_DIRECT_OBJC_ISA_USAGE = YES_ERROR;
				CLANG_WARN_DOCUMENTATION_COMMENTS = YES;
				CLANG_WARN_EMPTY_BODY = YES;
				CLANG_WARN_ENUM_CONVERSION = YES;
				CLANG_WARN_INFINITE_RECURSION = YES;
				CLANG_WARN_INT_CONVERSION = YES;
				CLANG_WARN_NON_LITERAL_NULL_CONVERSION = YES;
				CLANG_WARN_OBJC_IMPLICIT_RETAIN_SELF = YES;
				CLANG_WARN_OBJC_LITERAL_CONVERSION = YES;
				CLANG_WARN_OBJC_ROOT_CLASS = YES_ERROR;
				CLANG_WARN_RANGE_LOOP_ANALYSIS = YES;
				CLANG_WARN_STRICT_PROTOTYPES = YES;
				CLANG_WARN_SUSPICIOUS_MOVE = YES;
				CLANG_WARN_UNGUARDED_AVAILABILITY = YES_AGGRESSIVE;
				CLANG_WARN_UNREACHABLE_CODE = YES;
				CLANG_WARN__DUPLICATE_METHOD_MATCH = YES;
				CODE_SIGN_IDENTITY = "iPhone Developer";
				COPY_PHASE_STRIP = NO;
				DEBUG_INFORMATION_FORMAT = "dwarf-with-dsym";
				ENABLE_NS_ASSERTIONS = NO;
				ENABLE_STRICT_OBJC_MSGSEND = YES;
				GCC_C_LANGUAGE_STANDARD = gnu11;
				GCC_NO_COMMON_BLOCKS = YES;
				GCC_WARN_64_TO_32_BIT_CONVERSION = YES;
				GCC_WARN_ABOUT_RETURN_TYPE = YES_ERROR;
				GCC_WARN_UNDECLARED_SELECTOR = YES;
				GCC_WARN_UNINITIALIZED_AUTOS = YES_AGGRESSIVE;
				GCC_WARN_UNUSED_FUNCTION = YES;
				GCC_WARN_UNUSED_VARIABLE = YES;
				IPHONEOS_DEPLOYMENT_TARGET = 11.4;
				MTL_ENABLE_DEBUG_INFO = NO;
				SDKROOT = iphoneos;
				SWIFT_COMPILATION_MODE = wholemodule;
				SWIFT_OPTIMIZATION_LEVEL = "-O";
				VALIDATE_PRODUCT = YES;
			};
			name = Release;
		};
		7690FC482120AF370000090B /* Debug */ = {
			isa = XCBuildConfiguration;
			buildSettings = {
				ASSETCATALOG_COMPILER_APPICON_NAME = AppIcon;
				CODE_SIGN_STYLE = Automatic;
				INFOPLIST_FILE = "$(SRCROOT)/LocationAlarm/Info.plist";
				LD_RUNPATH_SEARCH_PATHS = (
					"$(inherited)",
					"@executable_path/Frameworks",
				);
				PRODUCT_BUNDLE_IDENTIFIER = com.ahmedosama.LocationAlarm;
				PRODUCT_NAME = "$(TARGET_NAME)";
				SWIFT_VERSION = 4.0;
				TARGETED_DEVICE_FAMILY = "1,2";
			};
			name = Debug;
		};
		7690FC492120AF370000090B /* Release */ = {
			isa = XCBuildConfiguration;
			buildSettings = {
				ASSETCATALOG_COMPILER_APPICON_NAME = AppIcon;
				CODE_SIGN_STYLE = Automatic;
				INFOPLIST_FILE = "$(SRCROOT)/LocationAlarm/Info.plist";
				LD_RUNPATH_SEARCH_PATHS = (
					"$(inherited)",
					"@executable_path/Frameworks",
				);
				PRODUCT_BUNDLE_IDENTIFIER = com.ahmedosama.LocationAlarm;
				PRODUCT_NAME = "$(TARGET_NAME)";
				SWIFT_VERSION = 4.0;
				TARGETED_DEVICE_FAMILY = "1,2";
			};
			name = Release;
		};
		7690FC4B2120AF370000090B /* Debug */ = {
			isa = XCBuildConfiguration;
			buildSettings = {
				ALWAYS_EMBED_SWIFT_STANDARD_LIBRARIES = YES;
				BUNDLE_LOADER = "$(TEST_HOST)";
				CODE_SIGN_STYLE = Automatic;
				INFOPLIST_FILE = WakeUpAtTests/Info.plist;
				LD_RUNPATH_SEARCH_PATHS = (
					"$(inherited)",
					"@executable_path/Frameworks",
					"@loader_path/Frameworks",
				);
				PRODUCT_BUNDLE_IDENTIFIER = com.ahmedosama.WakeUpAtTests;
				PRODUCT_NAME = "$(TARGET_NAME)";
				SWIFT_VERSION = 4.0;
				TARGETED_DEVICE_FAMILY = "1,2";
				TEST_HOST = "$(BUILT_PRODUCTS_DIR)/LocationAlarm.app/LocationAlarm";
			};
			name = Debug;
		};
		7690FC4C2120AF370000090B /* Release */ = {
			isa = XCBuildConfiguration;
			buildSettings = {
				ALWAYS_EMBED_SWIFT_STANDARD_LIBRARIES = YES;
				BUNDLE_LOADER = "$(TEST_HOST)";
				CODE_SIGN_STYLE = Automatic;
				INFOPLIST_FILE = WakeUpAtTests/Info.plist;
				LD_RUNPATH_SEARCH_PATHS = (
					"$(inherited)",
					"@executable_path/Frameworks",
					"@loader_path/Frameworks",
				);
				PRODUCT_BUNDLE_IDENTIFIER = com.ahmedosama.WakeUpAtTests;
				PRODUCT_NAME = "$(TARGET_NAME)";
				SWIFT_VERSION = 4.0;
				TARGETED_DEVICE_FAMILY = "1,2";
				TEST_HOST = "$(BUILT_PRODUCTS_DIR)/LocationAlarm.app/LocationAlarm";
			};
			name = Release;
		};
		7690FC4E2120AF370000090B /* Debug */ = {
			isa = XCBuildConfiguration;
			buildSettings = {
				ALWAYS_EMBED_SWIFT_STANDARD_LIBRARIES = YES;
				CODE_SIGN_STYLE = Automatic;
				INFOPLIST_FILE = WakeUpAtUITests/Info.plist;
				LD_RUNPATH_SEARCH_PATHS = (
					"$(inherited)",
					"@executable_path/Frameworks",
					"@loader_path/Frameworks",
				);
				PRODUCT_BUNDLE_IDENTIFIER = com.ahmedosama.WakeUpAtUITests;
				PRODUCT_NAME = "$(TARGET_NAME)";
				SWIFT_VERSION = 4.0;
				TARGETED_DEVICE_FAMILY = "1,2";
				TEST_TARGET_NAME = WakeUpAt;
			};
			name = Debug;
		};
		7690FC4F2120AF370000090B /* Release */ = {
			isa = XCBuildConfiguration;
			buildSettings = {
				ALWAYS_EMBED_SWIFT_STANDARD_LIBRARIES = YES;
				CODE_SIGN_STYLE = Automatic;
				INFOPLIST_FILE = WakeUpAtUITests/Info.plist;
				LD_RUNPATH_SEARCH_PATHS = (
					"$(inherited)",
					"@executable_path/Frameworks",
					"@loader_path/Frameworks",
				);
				PRODUCT_BUNDLE_IDENTIFIER = com.ahmedosama.WakeUpAtUITests;
				PRODUCT_NAME = "$(TARGET_NAME)";
				SWIFT_VERSION = 4.0;
				TARGETED_DEVICE_FAMILY = "1,2";
				TEST_TARGET_NAME = WakeUpAt;
			};
			name = Release;
		};
/* End XCBuildConfiguration section */

/* Begin XCConfigurationList section */
		7690FC1A2120AF240000090B /* Build configuration list for PBXProject "LocationAlarm" */ = {
			isa = XCConfigurationList;
			buildConfigurations = (
				7690FC452120AF370000090B /* Debug */,
				7690FC462120AF370000090B /* Release */,
			);
			defaultConfigurationIsVisible = 0;
			defaultConfigurationName = Release;
		};
		7690FC472120AF370000090B /* Build configuration list for PBXNativeTarget "LocationAlarm" */ = {
			isa = XCConfigurationList;
			buildConfigurations = (
				7690FC482120AF370000090B /* Debug */,
				7690FC492120AF370000090B /* Release */,
			);
			defaultConfigurationIsVisible = 0;
			defaultConfigurationName = Release;
		};
		7690FC4A2120AF370000090B /* Build configuration list for PBXNativeTarget "LocationAlarmTests" */ = {
			isa = XCConfigurationList;
			buildConfigurations = (
				7690FC4B2120AF370000090B /* Debug */,
				7690FC4C2120AF370000090B /* Release */,
			);
			defaultConfigurationIsVisible = 0;
			defaultConfigurationName = Release;
		};
		7690FC4D2120AF370000090B /* Build configuration list for PBXNativeTarget "LocationAlarmUITests" */ = {
			isa = XCConfigurationList;
			buildConfigurations = (
				7690FC4E2120AF370000090B /* Debug */,
				7690FC4F2120AF370000090B /* Release */,
			);
			defaultConfigurationIsVisible = 0;
			defaultConfigurationName = Release;
		};
/* End XCConfigurationList section */

/* Begin XCVersionGroup section */
		76661FA9212117B500D0EE75 /* WakeUpAt.xcdatamodeld */ = {
			isa = XCVersionGroup;
			children = (
				76661FAA212117B500D0EE75 /* Alarm.xcdatamodel */,
			);
			currentVersion = 76661FAA212117B500D0EE75 /* Alarm.xcdatamodel */;
			path = WakeUpAt.xcdatamodeld;
			sourceTree = "<group>";
			versionGroupType = wrapper.xcdatamodel;
		};
/* End XCVersionGroup section */
	};
	rootObject = 7690FC172120AF240000090B /* Project object */;
}
